
Microsoft Visual Studio Solution File, Format Version 12.00
# Visual Studio Version 17
VisualStudioVersion = 17.6.33829.357
MinimumVisualStudioVersion = 10.0.40219.1
Project("{FAE04EC0-301F-11D3-BF4B-00C04F79EFBC}") = "FIPE.Domain", "FIPE.Domain\FIPE.Domain.csproj", "{07F3A3FB-846B-41A3-BBE8-658D8C7F3348}"
EndProject
Project("{FAE04EC0-301F-11D3-BF4B-00C04F79EFBC}") = "FIPE.Infra.Data", "FIPE.Data\FIPE.Infra.Data.csproj", "{2CC9EF03-B84D-4D91-8C7C-0690C873D47F}"
EndProject
Project("{FAE04EC0-301F-11D3-BF4B-00C04F79EFBC}") = "FIPE.Aplication", "FIPE.Aplication\FIPE.Aplication.csproj", "{A833080F-30CF-4E22-87AF-D1E20DBFEEF1}"
EndProject
Project("{FAE04EC0-301F-11D3-BF4B-00C04F79EFBC}") = "FIPE.Infra.IoC", "FIPE.Infra.IoC\FIPE.Infra.IoC.csproj", "{918FE42A-2B28-4F17-BBB8-4B0DA57C59C5}"
EndProject
Project("{FAE04EC0-301F-11D3-BF4B-00C04F79EFBC}") = "FIPE.Api", "FIPE.Api\FIPE.Api.csproj", "{A3E0A259-075A-4C10-9445-119CDAECE904}"
EndProject
Global
	GlobalSection(SolutionConfigurationPlatforms) = preSolution
		Debug|Any CPU = Debug|Any CPU
		Release|Any CPU = Release|Any CPU
	EndGlobalSection
	GlobalSection(ProjectConfigurationPlatforms) = postSolution
		{07F3A3FB-846B-41A3-BBE8-658D8C7F3348}.Debug|Any CPU.ActiveCfg = Debug|Any CPU
		{07F3A3FB-846B-41A3-BBE8-658D8C7F3348}.Debug|Any CPU.Build.0 = Debug|Any CPU
		{07F3A3FB-846B-41A3-BBE8-658D8C7F3348}.Release|Any CPU.ActiveCfg = Release|Any CPU
		{07F3A3FB-846B-41A3-BBE8-658D8C7F3348}.Release|Any CPU.Build.0 = Release|Any CPU
		{2CC9EF03-B84D-4D91-8C7C-0690C873D47F}.Debug|Any CPU.ActiveCfg = Debug|Any CPU
		{2CC9EF03-B84D-4D91-8C7C-0690C873D47F}.Debug|Any CPU.Build.0 = Debug|Any CPU
		{2CC9EF03-B84D-4D91-8C7C-0690C873D47F}.Release|Any CPU.ActiveCfg = Release|Any CPU
		{2CC9EF03-B84D-4D91-8C7C-0690C873D47F}.Release|Any CPU.Build.0 = Release|Any CPU
		{A833080F-30CF-4E22-87AF-D1E20DBFEEF1}.Debug|Any CPU.ActiveCfg = Debug|Any CPU
		{A833080F-30CF-4E22-87AF-D1E20DBFEEF1}.Debug|Any CPU.Build.0 = Debug|Any CPU
		{A833080F-30CF-4E22-87AF-D1E20DBFEEF1}.Release|Any CPU.ActiveCfg = Release|Any CPU
		{A833080F-30CF-4E22-87AF-D1E20DBFEEF1}.Release|Any CPU.Build.0 = Release|Any CPU
		{918FE42A-2B28-4F17-BBB8-4B0DA57C59C5}.Debug|Any CPU.ActiveCfg = Debug|Any CPU
		{918FE42A-2B28-4F17-BBB8-4B0DA57C59C5}.Debug|Any CPU.Build.0 = Debug|Any CPU
		{918FE42A-2B28-4F17-BBB8-4B0DA57C59C5}.Release|Any CPU.ActiveCfg = Release|Any CPU
		{918FE42A-2B28-4F17-BBB8-4B0DA57C59C5}.Release|Any CPU.Build.0 = Release|Any CPU
		{A3E0A259-075A-4C10-9445-119CDAECE904}.Debug|Any CPU.ActiveCfg = Debug|Any CPU
		{A3E0A259-075A-4C10-9445-119CDAECE904}.Debug|Any CPU.Build.0 = Debug|Any CPU
		{A3E0A259-075A-4C10-9445-119CDAECE904}.Release|Any CPU.ActiveCfg = Release|Any CPU
		{A3E0A259-075A-4C10-9445-119CDAECE904}.Release|Any CPU.Build.0 = Release|Any CPU
	EndGlobalSection
	GlobalSection(SolutionProperties) = preSolution
		HideSolutionNode = FALSE
	EndGlobalSection
	GlobalSection(ExtensibilityGlobals) = postSolution
		SolutionGuid = {25A23337-921F-43E5-9FEE-89C73067C0AC}
	EndGlobalSection
EndGlobal
